
Microsoft Visual Studio Solution File, Format Version 12.00
# Visual Studio 2013
VisualStudioVersion = 12.0.31101.0
MinimumVisualStudioVersion = 10.0.40219.1
Project("{FAE04EC0-301F-11D3-BF4B-00C04F79EFBC}") = "AI5", "AI5\AI5.csproj", "{15D9A294-77F2-4CAA-8AFE-0BCB3EA72EB4}"
EndProject
Global
	GlobalSection(SolutionConfigurationPlatforms) = preSolution
		Debug|Any CPU = Debug|Any CPU
		Release|Any CPU = Release|Any CPU
	EndGlobalSection
	GlobalSection(ProjectConfigurationPlatforms) = postSolution
		{15D9A294-77F2-4CAA-8AFE-0BCB3EA72EB4}.Debug|Any CPU.ActiveCfg = Debug|Any CPU
		{15D9A294-77F2-4CAA-8AFE-0BCB3EA72EB4}.Debug|Any CPU.Build.0 = Debug|Any CPU
		{15D9A294-77F2-4CAA-8AFE-0BCB3EA72EB4}.Release|Any CPU.ActiveCfg = Release|Any CPU
		{15D9A294-77F2-4CAA-8AFE-0BCB3EA72EB4}.Release|Any CPU.Build.0 = Release|Any CPU
	EndGlobalSection
	GlobalSection(SolutionProperties) = preSolution
		HideSolutionNode = FALSE
	EndGlobalSection
EndGlobal
